
Microsoft Visual Studio Solution File, Format Version 12.00
Project("{FAE04EC0-301F-11D3-BF4B-00C04F79EFBC}") = "Advert.Api", "Advert.Api\Advert.Api.csproj", "{B822D687-6ACE-405F-B633-35DF4F03DF33}"
EndProject
Global
	GlobalSection(SolutionConfigurationPlatforms) = preSolution
		Debug|Any CPU = Debug|Any CPU
		Release|Any CPU = Release|Any CPU
	EndGlobalSection
	GlobalSection(ProjectConfigurationPlatforms) = postSolution
		{B822D687-6ACE-405F-B633-35DF4F03DF33}.Debug|Any CPU.ActiveCfg = Debug|Any CPU
		{B822D687-6ACE-405F-B633-35DF4F03DF33}.Debug|Any CPU.Build.0 = Debug|Any CPU
		{B822D687-6ACE-405F-B633-35DF4F03DF33}.Release|Any CPU.ActiveCfg = Release|Any CPU
		{B822D687-6ACE-405F-B633-35DF4F03DF33}.Release|Any CPU.Build.0 = Release|Any CPU
	EndGlobalSection
EndGlobal
